
Microsoft Visual Studio Solution File, Format Version 12.00
# Visual Studio Version 17
VisualStudioVersion = 17.11.35222.181
MinimumVisualStudioVersion = 10.0.40219.1
Project("{9A19103F-16F7-4668-BE54-9A1E7A4F7556}") = "AMMDotNetTrainning.Console", "AMMDotNetCoreTrainningConsole\AMMDotNetTrainning.Console.csproj", "{B922807A-E524-44D9-A323-E3CB9986CF27}"
	ProjectSection(ProjectDependencies) = postProject
		{9488EBE3-C8F9-4383-A2DE-21ABEF7F4CE6} = {9488EBE3-C8F9-4383-A2DE-21ABEF7F4CE6}
	EndProjectSection
EndProject
Project("{9A19103F-16F7-4668-BE54-9A1E7A4F7556}") = "AMMDotNetCoreTrainning.Database", "AMMDotNetCoreTrainning.Database\AMMDotNetCoreTrainning.Database.csproj", "{D6A87C6B-9C10-4488-A740-6455F664A0DC}"
EndProject
Project("{9A19103F-16F7-4668-BE54-9A1E7A4F7556}") = "AMMDotNetTrainning.Console2", "AMMDotNetTrainning.Console2\AMMDotNetTrainning.Console2.csproj", "{F697B2D8-FEAB-4168-BA2F-B2B0026C16DA}"
EndProject
Project("{9A19103F-16F7-4668-BE54-9A1E7A4F7556}") = "AMMDotNetCoreTrainning.RestAPI", "AMMDotNetCoreTrainning.RestAPI\AMMDotNetCoreTrainning.RestAPI.csproj", "{E07E8181-9B8E-4C5E-B03C-1B90B1D5FCF0}"
EndProject
Project("{9A19103F-16F7-4668-BE54-9A1E7A4F7556}") = "AMMDotNetTrainning.Shared", "AMMDotNetTrainning.Shared\AMMDotNetTrainning.Shared.csproj", "{9488EBE3-C8F9-4383-A2DE-21ABEF7F4CE6}"
EndProject
Project("{9A19103F-16F7-4668-BE54-9A1E7A4F7556}") = "AMMDotNetTrainning.MinimalAPI", "AMMDotNetTrainning.MinimalAPI\AMMDotNetTrainning.MinimalAPI.csproj", "{1773A7B9-267E-4D47-B527-C6C8FE6D2357}"
EndProject
Project("{9A19103F-16F7-4668-BE54-9A1E7A4F7556}") = "AMMDotNetCoreTrainning.Ben10MinimalAPI", "AMMDotNetCoreTrainning.Ben10MinimalAPI\AMMDotNetCoreTrainning.Ben10MinimalAPI.csproj", "{0FA7405A-3CEE-47D0-8718-7EF056748434}"
EndProject
Project("{9A19103F-16F7-4668-BE54-9A1E7A4F7556}") = "AMMDotNetCoreTrainning.Domain", "AMMDotNetCoreTrainning.Domain\AMMDotNetCoreTrainning.Domain.csproj", "{A407885F-AF8B-45B8-A9CD-BF6D66DF9983}"
EndProject
Project("{9A19103F-16F7-4668-BE54-9A1E7A4F7556}") = "AMMDotNetTrainning.MiniKPay.Database", "MiniKPay.Database\AMMDotNetTrainning.MiniKPay.Database.csproj", "{53D8E884-B6D0-4116-A93D-801A13CA3EBF}"
EndProject
Project("{9A19103F-16F7-4668-BE54-9A1E7A4F7556}") = "AMMDotNetTrainning.MiniKpay.API", "MinKpayAPI\AMMDotNetTrainning.MiniKpay.API.csproj", "{2A9C7A85-E63D-4941-9EA0-3A23888194FB}"
EndProject
Project("{FAE04EC0-301F-11D3-BF4B-00C04F79EFBC}") = "AMMDotNetTrainning.Console3", "AMMDotNetCoreTrainning.Console3\AMMDotNetTrainning.Console3.csproj", "{83B557E8-B570-4163-B7C3-E4590BC8D944}"
EndProject
Project("{FAE04EC0-301F-11D3-BF4B-00C04F79EFBC}") = "AMMDotNetTrainning.RestAPI2", "AMMDotNetTrainning.RestAPI2\AMMDotNetTrainning.RestAPI2.csproj", "{675C74F8-C3A8-43AD-A0BE-2FF65313EB5E}"
EndProject
Project("{FAE04EC0-301F-11D3-BF4B-00C04F79EFBC}") = "AMMDotNetTrainning.MvcApp", "AMMDotNetTrainning.MvcApp\AMMDotNetTrainning.MvcApp.csproj", "{A55EB29C-7574-4688-AC1D-9DC328167184}"
EndProject
Project("{FAE04EC0-301F-11D3-BF4B-00C04F79EFBC}") = "AMMDotNetTrainning.ChartWebApp", "AMMDotNetTrainning.ChartWebApp\AMMDotNetTrainning.ChartWebApp.csproj", "{A33EDEA7-C0EF-4E85-B2A1-C94BA9F2EBED}"
EndProject
Global
	GlobalSection(SolutionConfigurationPlatforms) = preSolution
		Debug|Any CPU = Debug|Any CPU
		Release|Any CPU = Release|Any CPU
	EndGlobalSection
	GlobalSection(ProjectConfigurationPlatforms) = postSolution
		{B922807A-E524-44D9-A323-E3CB9986CF27}.Debug|Any CPU.ActiveCfg = Debug|Any CPU
		{B922807A-E524-44D9-A323-E3CB9986CF27}.Debug|Any CPU.Build.0 = Debug|Any CPU
		{B922807A-E524-44D9-A323-E3CB9986CF27}.Release|Any CPU.ActiveCfg = Release|Any CPU
		{B922807A-E524-44D9-A323-E3CB9986CF27}.Release|Any CPU.Build.0 = Release|Any CPU
		{D6A87C6B-9C10-4488-A740-6455F664A0DC}.Debug|Any CPU.ActiveCfg = Debug|Any CPU
		{D6A87C6B-9C10-4488-A740-6455F664A0DC}.Debug|Any CPU.Build.0 = Debug|Any CPU
		{D6A87C6B-9C10-4488-A740-6455F664A0DC}.Release|Any CPU.ActiveCfg = Release|Any CPU
		{D6A87C6B-9C10-4488-A740-6455F664A0DC}.Release|Any CPU.Build.0 = Release|Any CPU
		{F697B2D8-FEAB-4168-BA2F-B2B0026C16DA}.Debug|Any CPU.ActiveCfg = Debug|Any CPU
		{F697B2D8-FEAB-4168-BA2F-B2B0026C16DA}.Debug|Any CPU.Build.0 = Debug|Any CPU
		{F697B2D8-FEAB-4168-BA2F-B2B0026C16DA}.Release|Any CPU.ActiveCfg = Release|Any CPU
		{F697B2D8-FEAB-4168-BA2F-B2B0026C16DA}.Release|Any CPU.Build.0 = Release|Any CPU
		{E07E8181-9B8E-4C5E-B03C-1B90B1D5FCF0}.Debug|Any CPU.ActiveCfg = Debug|Any CPU
		{E07E8181-9B8E-4C5E-B03C-1B90B1D5FCF0}.Debug|Any CPU.Build.0 = Debug|Any CPU
		{E07E8181-9B8E-4C5E-B03C-1B90B1D5FCF0}.Release|Any CPU.ActiveCfg = Release|Any CPU
		{E07E8181-9B8E-4C5E-B03C-1B90B1D5FCF0}.Release|Any CPU.Build.0 = Release|Any CPU
		{9488EBE3-C8F9-4383-A2DE-21ABEF7F4CE6}.Debug|Any CPU.ActiveCfg = Debug|Any CPU
		{9488EBE3-C8F9-4383-A2DE-21ABEF7F4CE6}.Debug|Any CPU.Build.0 = Debug|Any CPU
		{9488EBE3-C8F9-4383-A2DE-21ABEF7F4CE6}.Release|Any CPU.ActiveCfg = Release|Any CPU
		{9488EBE3-C8F9-4383-A2DE-21ABEF7F4CE6}.Release|Any CPU.Build.0 = Release|Any CPU
		{1773A7B9-267E-4D47-B527-C6C8FE6D2357}.Debug|Any CPU.ActiveCfg = Debug|Any CPU
		{1773A7B9-267E-4D47-B527-C6C8FE6D2357}.Debug|Any CPU.Build.0 = Debug|Any CPU
		{1773A7B9-267E-4D47-B527-C6C8FE6D2357}.Release|Any CPU.ActiveCfg = Release|Any CPU
		{1773A7B9-267E-4D47-B527-C6C8FE6D2357}.Release|Any CPU.Build.0 = Release|Any CPU
		{0FA7405A-3CEE-47D0-8718-7EF056748434}.Debug|Any CPU.ActiveCfg = Debug|Any CPU
		{0FA7405A-3CEE-47D0-8718-7EF056748434}.Debug|Any CPU.Build.0 = Debug|Any CPU
		{0FA7405A-3CEE-47D0-8718-7EF056748434}.Release|Any CPU.ActiveCfg = Release|Any CPU
		{0FA7405A-3CEE-47D0-8718-7EF056748434}.Release|Any CPU.Build.0 = Release|Any CPU
		{A407885F-AF8B-45B8-A9CD-BF6D66DF9983}.Debug|Any CPU.ActiveCfg = Debug|Any CPU
		{A407885F-AF8B-45B8-A9CD-BF6D66DF9983}.Debug|Any CPU.Build.0 = Debug|Any CPU
		{A407885F-AF8B-45B8-A9CD-BF6D66DF9983}.Release|Any CPU.ActiveCfg = Release|Any CPU
		{A407885F-AF8B-45B8-A9CD-BF6D66DF9983}.Release|Any CPU.Build.0 = Release|Any CPU
		{53D8E884-B6D0-4116-A93D-801A13CA3EBF}.Debug|Any CPU.ActiveCfg = Debug|Any CPU
		{53D8E884-B6D0-4116-A93D-801A13CA3EBF}.Debug|Any CPU.Build.0 = Debug|Any CPU
		{53D8E884-B6D0-4116-A93D-801A13CA3EBF}.Release|Any CPU.ActiveCfg = Release|Any CPU
		{53D8E884-B6D0-4116-A93D-801A13CA3EBF}.Release|Any CPU.Build.0 = Release|Any CPU
		{2A9C7A85-E63D-4941-9EA0-3A23888194FB}.Debug|Any CPU.ActiveCfg = Debug|Any CPU
		{2A9C7A85-E63D-4941-9EA0-3A23888194FB}.Debug|Any CPU.Build.0 = Debug|Any CPU
		{2A9C7A85-E63D-4941-9EA0-3A23888194FB}.Release|Any CPU.ActiveCfg = Release|Any CPU
		{2A9C7A85-E63D-4941-9EA0-3A23888194FB}.Release|Any CPU.Build.0 = Release|Any CPU
		{83B557E8-B570-4163-B7C3-E4590BC8D944}.Debug|Any CPU.ActiveCfg = Debug|Any CPU
		{83B557E8-B570-4163-B7C3-E4590BC8D944}.Debug|Any CPU.Build.0 = Debug|Any CPU
		{83B557E8-B570-4163-B7C3-E4590BC8D944}.Release|Any CPU.ActiveCfg = Release|Any CPU
		{83B557E8-B570-4163-B7C3-E4590BC8D944}.Release|Any CPU.Build.0 = Release|Any CPU
		{675C74F8-C3A8-43AD-A0BE-2FF65313EB5E}.Debug|Any CPU.ActiveCfg = Debug|Any CPU
		{675C74F8-C3A8-43AD-A0BE-2FF65313EB5E}.Debug|Any CPU.Build.0 = Debug|Any CPU
		{675C74F8-C3A8-43AD-A0BE-2FF65313EB5E}.Release|Any CPU.ActiveCfg = Release|Any CPU
		{675C74F8-C3A8-43AD-A0BE-2FF65313EB5E}.Release|Any CPU.Build.0 = Release|Any CPU
		{A55EB29C-7574-4688-AC1D-9DC328167184}.Debug|Any CPU.ActiveCfg = Debug|Any CPU
		{A55EB29C-7574-4688-AC1D-9DC328167184}.Debug|Any CPU.Build.0 = Debug|Any CPU
		{A55EB29C-7574-4688-AC1D-9DC328167184}.Release|Any CPU.ActiveCfg = Release|Any CPU
		{A55EB29C-7574-4688-AC1D-9DC328167184}.Release|Any CPU.Build.0 = Release|Any CPU
		{A33EDEA7-C0EF-4E85-B2A1-C94BA9F2EBED}.Debug|Any CPU.ActiveCfg = Debug|Any CPU
		{A33EDEA7-C0EF-4E85-B2A1-C94BA9F2EBED}.Debug|Any CPU.Build.0 = Debug|Any CPU
		{A33EDEA7-C0EF-4E85-B2A1-C94BA9F2EBED}.Release|Any CPU.ActiveCfg = Release|Any CPU
		{A33EDEA7-C0EF-4E85-B2A1-C94BA9F2EBED}.Release|Any CPU.Build.0 = Release|Any CPU
	EndGlobalSection
	GlobalSection(SolutionProperties) = preSolution
		HideSolutionNode = FALSE
	EndGlobalSection
	GlobalSection(ExtensibilityGlobals) = postSolution
		SolutionGuid = {CF541F55-9456-4954-B732-3F25B6C7D535}
	EndGlobalSection
EndGlobal
